// !$*UTF8*$!
{
	archiveVersion = 1;
	classes = {
	};
	objectVersion = 50;
	objects = {

/* Begin PBXBuildFile section */
		2B6655CB20DCDA3A00F348EB /* QuartzCore.framework in Frameworks */ = {isa = PBXBuildFile; fileRef = 2B6655CA20DCDA3A00F348EB /* QuartzCore.framework */; };
		2B6655CD20DCDA4500F348EB /* CoreLocation.framework in Frameworks */ = {isa = PBXBuildFile; fileRef = 2B6655CC20DCDA4500F348EB /* CoreLocation.framework */; };
		2B6655CF20DCDA5200F348EB /* MobileCoreServices.framework in Frameworks */ = {isa = PBXBuildFile; fileRef = 2B6655CE20DCDA5200F348EB /* MobileCoreServices.framework */; };
		2B6655D120DCDA6D00F348EB /* SystemConfiguration.framework in Frameworks */ = {isa = PBXBuildFile; fileRef = 2B6655D020DCDA6D00F348EB /* SystemConfiguration.framework */; };
		2B6655D320DCDA7600F348EB /* UIKit.framework in Frameworks */ = {isa = PBXBuildFile; fileRef = 2B6655D220DCDA7600F348EB /* UIKit.framework */; };
		2B6655D520DCDA8900F348EB /* Foundation.framework in Frameworks */ = {isa = PBXBuildFile; fileRef = 2B6655D420DCDA8900F348EB /* Foundation.framework */; };
		2B6655D720DCDA9500F348EB /* CoreGraphics.framework in Frameworks */ = {isa = PBXBuildFile; fileRef = 2B6655D620DCDA9500F348EB /* CoreGraphics.framework */; };
		2B6655DA20DD27F100F348EB /* about-pch-files-wheredidtheygo.txt in Resources */ = {isa = PBXBuildFile; fileRef = 2B6655D920DD27F100F348EB /* about-pch-files-wheredidtheygo.txt */; };
		2B6655DF20DD3DC100F348EB /* WeatherClient.m in Sources */ = {isa = PBXBuildFile; fileRef = 2B6655DE20DD3DC100F348EB /* WeatherClient.m */; };
		2B6655E120DD3E9300F348EB /* difference-using-quotes-vs-anglebrk-imports in Resources */ = {isa = PBXBuildFile; fileRef = 2B6655E020DD3E9300F348EB /* difference-using-quotes-vs-anglebrk-imports */; };
		2B6655E420DD45B700F348EB /* Observation.m in Sources */ = {isa = PBXBuildFile; fileRef = 2B6655E320DD45B700F348EB /* Observation.m */; };
		2B6655E720DD49E300F348EB /* LocationManager.m in Sources */ = {isa = PBXBuildFile; fileRef = 2B6655E620DD49E300F348EB /* LocationManager.m */; };
		2B6655EA20DD4E1900F348EB /* GradientView.m in Sources */ = {isa = PBXBuildFile; fileRef = 2B6655E920DD4E1900F348EB /* GradientView.m */; };
		2B78968720DC86DF00DE1443 /* AppDelegate.m in Sources */ = {isa = PBXBuildFile; fileRef = 2B78968620DC86DF00DE1443 /* AppDelegate.m */; };
		2B78968A20DC86E000DE1443 /* ViewController.m in Sources */ = {isa = PBXBuildFile; fileRef = 2B78968920DC86E000DE1443 /* ViewController.m */; };
		2B78968D20DC86E000DE1443 /* Main.storyboard in Resources */ = {isa = PBXBuildFile; fileRef = 2B78968B20DC86E000DE1443 /* Main.storyboard */; };
		2B78968F20DC86E100DE1443 /* Assets.xcassets in Resources */ = {isa = PBXBuildFile; fileRef = 2B78968E20DC86E100DE1443 /* Assets.xcassets */; };
		2B78969220DC86E100DE1443 /* LaunchScreen.storyboard in Resources */ = {isa = PBXBuildFile; fileRef = 2B78969020DC86E100DE1443 /* LaunchScreen.storyboard */; };
		2B78969520DC86E100DE1443 /* main.m in Sources */ = {isa = PBXBuildFile; fileRef = 2B78969420DC86E100DE1443 /* main.m */; };
		BDF111D1735E926F1C4E6CA4 /* libPods-WeatherApp-v04.a in Frameworks */ = {isa = PBXBuildFile; fileRef = D940C37B789249B42382F719 /* libPods-WeatherApp-v04.a */; };
/* End PBXBuildFile section */

/* Begin PBXFileReference section */
		02EF9BFDB54E5C60AE31A2C8 /* Pods-WeatherApp-v04.release.xcconfig */ = {isa = PBXFileReference; includeInIndex = 1; lastKnownFileType = text.xcconfig; name = "Pods-WeatherApp-v04.release.xcconfig"; path = "Pods/Target Support Files/Pods-WeatherApp-v04/Pods-WeatherApp-v04.release.xcconfig"; sourceTree = "<group>"; };
		28ECC1A7952B28BDFE9ED4B5 /* Pods-WeatherApp-v04.debug.xcconfig */ = {isa = PBXFileReference; includeInIndex = 1; lastKnownFileType = text.xcconfig; name = "Pods-WeatherApp-v04.debug.xcconfig"; path = "Pods/Target Support Files/Pods-WeatherApp-v04/Pods-WeatherApp-v04.debug.xcconfig"; sourceTree = "<group>"; };
		2B6655CA20DCDA3A00F348EB /* QuartzCore.framework */ = {isa = PBXFileReference; lastKnownFileType = wrapper.framework; name = QuartzCore.framework; path = System/Library/Frameworks/QuartzCore.framework; sourceTree = SDKROOT; };
		2B6655CC20DCDA4500F348EB /* CoreLocation.framework */ = {isa = PBXFileReference; lastKnownFileType = wrapper.framework; name = CoreLocation.framework; path = System/Library/Frameworks/CoreLocation.framework; sourceTree = SDKROOT; };
		2B6655CE20DCDA5200F348EB /* MobileCoreServices.framework */ = {isa = PBXFileReference; lastKnownFileType = wrapper.framework; name = MobileCoreServices.framework; path = System/Library/Frameworks/MobileCoreServices.framework; sourceTree = SDKROOT; };
		2B6655D020DCDA6D00F348EB /* SystemConfiguration.framework */ = {isa = PBXFileReference; lastKnownFileType = wrapper.framework; name = SystemConfiguration.framework; path = System/Library/Frameworks/SystemConfiguration.framework; sourceTree = SDKROOT; };
		2B6655D220DCDA7600F348EB /* UIKit.framework */ = {isa = PBXFileReference; lastKnownFileType = wrapper.framework; name = UIKit.framework; path = System/Library/Frameworks/UIKit.framework; sourceTree = SDKROOT; };
		2B6655D420DCDA8900F348EB /* Foundation.framework */ = {isa = PBXFileReference; lastKnownFileType = wrapper.framework; name = Foundation.framework; path = System/Library/Frameworks/Foundation.framework; sourceTree = SDKROOT; };
		2B6655D620DCDA9500F348EB /* CoreGraphics.framework */ = {isa = PBXFileReference; lastKnownFileType = wrapper.framework; name = CoreGraphics.framework; path = System/Library/Frameworks/CoreGraphics.framework; sourceTree = SDKROOT; };
		2B6655D920DD27F100F348EB /* about-pch-files-wheredidtheygo.txt */ = {isa = PBXFileReference; lastKnownFileType = text; path = "about-pch-files-wheredidtheygo.txt"; sourceTree = "<group>"; };
		2B6655DB20DD30B200F348EB /* WeatherAppV04.pch */ = {isa = PBXFileReference; lastKnownFileType = sourcecode.c.h; path = WeatherAppV04.pch; sourceTree = "<group>"; };
		2B6655DC20DD37C500F348EB /* WeatherAPIKey.h */ = {isa = PBXFileReference; lastKnownFileType = sourcecode.c.h; path = WeatherAPIKey.h; sourceTree = "<group>"; };
		2B6655DD20DD3DC100F348EB /* WeatherClient.h */ = {isa = PBXFileReference; lastKnownFileType = sourcecode.c.h; path = WeatherClient.h; sourceTree = "<group>"; };
		2B6655DE20DD3DC100F348EB /* WeatherClient.m */ = {isa = PBXFileReference; lastKnownFileType = sourcecode.c.objc; path = WeatherClient.m; sourceTree = "<group>"; };
		2B6655E020DD3E9300F348EB /* difference-using-quotes-vs-anglebrk-imports */ = {isa = PBXFileReference; lastKnownFileType = text; path = "difference-using-quotes-vs-anglebrk-imports"; sourceTree = "<group>"; };
		2B6655E220DD45B700F348EB /* Observation.h */ = {isa = PBXFileReference; lastKnownFileType = sourcecode.c.h; path = Observation.h; sourceTree = "<group>"; };
		2B6655E320DD45B700F348EB /* Observation.m */ = {isa = PBXFileReference; lastKnownFileType = sourcecode.c.objc; path = Observation.m; sourceTree = "<group>"; };
		2B6655E520DD49E300F348EB /* LocationManager.h */ = {isa = PBXFileReference; lastKnownFileType = sourcecode.c.h; path = LocationManager.h; sourceTree = "<group>"; };
		2B6655E620DD49E300F348EB /* LocationManager.m */ = {isa = PBXFileReference; lastKnownFileType = sourcecode.c.objc; path = LocationManager.m; sourceTree = "<group>"; };
		2B6655E820DD4E1900F348EB /* GradientView.h */ = {isa = PBXFileReference; lastKnownFileType = sourcecode.c.h; path = GradientView.h; sourceTree = "<group>"; };
		2B6655E920DD4E1900F348EB /* GradientView.m */ = {isa = PBXFileReference; lastKnownFileType = sourcecode.c.objc; path = GradientView.m; sourceTree = "<group>"; };
		2B78968220DC86DF00DE1443 /* WeatherApp-v04.app */ = {isa = PBXFileReference; explicitFileType = wrapper.application; includeInIndex = 0; path = "WeatherApp-v04.app"; sourceTree = BUILT_PRODUCTS_DIR; };
		2B78968520DC86DF00DE1443 /* AppDelegate.h */ = {isa = PBXFileReference; lastKnownFileType = sourcecode.c.h; path = AppDelegate.h; sourceTree = "<group>"; };
		2B78968620DC86DF00DE1443 /* AppDelegate.m */ = {isa = PBXFileReference; lastKnownFileType = sourcecode.c.objc; path = AppDelegate.m; sourceTree = "<group>"; };
		2B78968820DC86DF00DE1443 /* ViewController.h */ = {isa = PBXFileReference; lastKnownFileType = sourcecode.c.h; path = ViewController.h; sourceTree = "<group>"; };
		2B78968920DC86E000DE1443 /* ViewController.m */ = {isa = PBXFileReference; lastKnownFileType = sourcecode.c.objc; path = ViewController.m; sourceTree = "<group>"; };
		2B78968C20DC86E000DE1443 /* Base */ = {isa = PBXFileReference; lastKnownFileType = file.storyboard; name = Base; path = Base.lproj/Main.storyboard; sourceTree = "<group>"; };
		2B78968E20DC86E100DE1443 /* Assets.xcassets */ = {isa = PBXFileReference; lastKnownFileType = folder.assetcatalog; path = Assets.xcassets; sourceTree = "<group>"; };
		2B78969120DC86E100DE1443 /* Base */ = {isa = PBXFileReference; lastKnownFileType = file.storyboard; name = Base; path = Base.lproj/LaunchScreen.storyboard; sourceTree = "<group>"; };
		2B78969320DC86E100DE1443 /* Info.plist */ = {isa = PBXFileReference; lastKnownFileType = text.plist.xml; path = Info.plist; sourceTree = "<group>"; };
		2B78969420DC86E100DE1443 /* main.m */ = {isa = PBXFileReference; lastKnownFileType = sourcecode.c.objc; path = main.m; sourceTree = "<group>"; };
		D940C37B789249B42382F719 /* libPods-WeatherApp-v04.a */ = {isa = PBXFileReference; explicitFileType = archive.ar; includeInIndex = 0; path = "libPods-WeatherApp-v04.a"; sourceTree = BUILT_PRODUCTS_DIR; };
/* End PBXFileReference section */

/* Begin PBXFrameworksBuildPhase section */
		2B78967F20DC86DF00DE1443 /* Frameworks */ = {
			isa = PBXFrameworksBuildPhase;
			buildActionMask = 2147483647;
			files = (
				2B6655D720DCDA9500F348EB /* CoreGraphics.framework in Frameworks */,
				2B6655D520DCDA8900F348EB /* Foundation.framework in Frameworks */,
				2B6655D320DCDA7600F348EB /* UIKit.framework in Frameworks */,
				2B6655D120DCDA6D00F348EB /* SystemConfiguration.framework in Frameworks */,
				2B6655CF20DCDA5200F348EB /* MobileCoreServices.framework in Frameworks */,
				2B6655CD20DCDA4500F348EB /* CoreLocation.framework in Frameworks */,
				2B6655CB20DCDA3A00F348EB /* QuartzCore.framework in Frameworks */,
				BDF111D1735E926F1C4E6CA4 /* libPods-WeatherApp-v04.a in Frameworks */,
			);
			runOnlyForDeploymentPostprocessing = 0;
		};
/* End PBXFrameworksBuildPhase section */

/* Begin PBXGroup section */
		148B862537C33890CE9369DC /* Frameworks */ = {
			isa = PBXGroup;
			children = (
				2B6655D620DCDA9500F348EB /* CoreGraphics.framework */,
				2B6655D420DCDA8900F348EB /* Foundation.framework */,
				2B6655D220DCDA7600F348EB /* UIKit.framework */,
				2B6655D020DCDA6D00F348EB /* SystemConfiguration.framework */,
				2B6655CE20DCDA5200F348EB /* MobileCoreServices.framework */,
				2B6655CC20DCDA4500F348EB /* CoreLocation.framework */,
				2B6655CA20DCDA3A00F348EB /* QuartzCore.framework */,
				D940C37B789249B42382F719 /* libPods-WeatherApp-v04.a */,
			);
			name = Frameworks;
			sourceTree = "<group>";
		};
		2B6655D820DD279700F348EB /* notes */ = {
			isa = PBXGroup;
			children = (
				2B6655D920DD27F100F348EB /* about-pch-files-wheredidtheygo.txt */,
				2B6655E020DD3E9300F348EB /* difference-using-quotes-vs-anglebrk-imports */,
			);
			path = notes;
			sourceTree = "<group>";
		};
		2B78967920DC86DF00DE1443 = {
			isa = PBXGroup;
			children = (
				2B78968420DC86DF00DE1443 /* WeatherApp-v04 */,
				2B78968320DC86DF00DE1443 /* Products */,
				782B9DD901EDF8A53F14915F /* Pods */,
				148B862537C33890CE9369DC /* Frameworks */,
			);
			sourceTree = "<group>";
		};
		2B78968320DC86DF00DE1443 /* Products */ = {
			isa = PBXGroup;
			children = (
				2B78968220DC86DF00DE1443 /* WeatherApp-v04.app */,
			);
			name = Products;
			sourceTree = "<group>";
		};
		2B78968420DC86DF00DE1443 /* WeatherApp-v04 */ = {
			isa = PBXGroup;
			children = (
				2B6655E220DD45B700F348EB /* Observation.h */,
				2B6655E320DD45B700F348EB /* Observation.m */,
				2B6655DC20DD37C500F348EB /* WeatherAPIKey.h */,
				2B6655D820DD279700F348EB /* notes */,
				2B78968520DC86DF00DE1443 /* AppDelegate.h */,
				2B78968620DC86DF00DE1443 /* AppDelegate.m */,
				2B78968820DC86DF00DE1443 /* ViewController.h */,
				2B78968920DC86E000DE1443 /* ViewController.m */,
				2B78968B20DC86E000DE1443 /* Main.storyboard */,
				2B78968E20DC86E100DE1443 /* Assets.xcassets */,
				2B78969020DC86E100DE1443 /* LaunchScreen.storyboard */,
				2B78969320DC86E100DE1443 /* Info.plist */,
				2B78969420DC86E100DE1443 /* main.m */,
				2B6655DB20DD30B200F348EB /* WeatherAppV04.pch */,
				2B6655DD20DD3DC100F348EB /* WeatherClient.h */,
				2B6655DE20DD3DC100F348EB /* WeatherClient.m */,
				2B6655E520DD49E300F348EB /* LocationManager.h */,
				2B6655E620DD49E300F348EB /* LocationManager.m */,
				2B6655E820DD4E1900F348EB /* GradientView.h */,
				2B6655E920DD4E1900F348EB /* GradientView.m */,
			);
			path = "WeatherApp-v04";
			sourceTree = "<group>";
		};
		782B9DD901EDF8A53F14915F /* Pods */ = {
			isa = PBXGroup;
			children = (
				28ECC1A7952B28BDFE9ED4B5 /* Pods-WeatherApp-v04.debug.xcconfig */,
				02EF9BFDB54E5C60AE31A2C8 /* Pods-WeatherApp-v04.release.xcconfig */,
			);
			name = Pods;
			sourceTree = "<group>";
		};
/* End PBXGroup section */

/* Begin PBXNativeTarget section */
		2B78968120DC86DF00DE1443 /* WeatherApp-v04 */ = {
			isa = PBXNativeTarget;
			buildConfigurationList = 2B78969820DC86E100DE1443 /* Build configuration list for PBXNativeTarget "WeatherApp-v04" */;
			buildPhases = (
				4FC24742E620C906F34A8547 /* [CP] Check Pods Manifest.lock */,
				2B78967E20DC86DF00DE1443 /* Sources */,
				2B78967F20DC86DF00DE1443 /* Frameworks */,
				2B78968020DC86DF00DE1443 /* Resources */,
				323CA0B0D4DA4064004C6F4C /* [CP] Copy Pods Resources */,
			);
			buildRules = (
			);
			dependencies = (
			);
			name = "WeatherApp-v04";
			productName = "WeatherApp-v04";
			productReference = 2B78968220DC86DF00DE1443 /* WeatherApp-v04.app */;
			productType = "com.apple.product-type.application";
		};
/* End PBXNativeTarget section */

/* Begin PBXProject section */
		2B78967A20DC86DF00DE1443 /* Project object */ = {
			isa = PBXProject;
			attributes = {
				LastUpgradeCheck = 0940;
				ORGANIZATIONNAME = edward;
				TargetAttributes = {
					2B78968120DC86DF00DE1443 = {
						CreatedOnToolsVersion = 9.4.1;
					};
				};
			};
			buildConfigurationList = 2B78967D20DC86DF00DE1443 /* Build configuration list for PBXProject "WeatherApp-v04" */;
			compatibilityVersion = "Xcode 9.3";
			developmentRegion = en;
			hasScannedForEncodings = 0;
			knownRegions = (
				en,
				Base,
			);
			mainGroup = 2B78967920DC86DF00DE1443;
			productRefGroup = 2B78968320DC86DF00DE1443 /* Products */;
			projectDirPath = "";
			projectRoot = "";
			targets = (
				2B78968120DC86DF00DE1443 /* WeatherApp-v04 */,
			);
		};
/* End PBXProject section */

/* Begin PBXResourcesBuildPhase section */
		2B78968020DC86DF00DE1443 /* Resources */ = {
			isa = PBXResourcesBuildPhase;
			buildActionMask = 2147483647;
			files = (
				2B6655DA20DD27F100F348EB /* about-pch-files-wheredidtheygo.txt in Resources */,
				2B78969220DC86E100DE1443 /* LaunchScreen.storyboard in Resources */,
				2B6655E120DD3E9300F348EB /* difference-using-quotes-vs-anglebrk-imports in Resources */,
				2B78968F20DC86E100DE1443 /* Assets.xcassets in Resources */,
				2B78968D20DC86E000DE1443 /* Main.storyboard in Resources */,
			);
			runOnlyForDeploymentPostprocessing = 0;
		};
/* End PBXResourcesBuildPhase section */

/* Begin PBXShellScriptBuildPhase section */
		323CA0B0D4DA4064004C6F4C /* [CP] Copy Pods Resources */ = {
			isa = PBXShellScriptBuildPhase;
			buildActionMask = 2147483647;
			files = (
			);
			inputPaths = (
				"${SRCROOT}/Pods/Target Support Files/Pods-WeatherApp-v04/Pods-WeatherApp-v04-resources.sh",
				"${PODS_ROOT}/SVProgressHUD/SVProgressHUD/SVProgressHUD.bundle",
			);
			name = "[CP] Copy Pods Resources";
			outputPaths = (
				"${TARGET_BUILD_DIR}/${UNLOCALIZED_RESOURCES_FOLDER_PATH}/SVProgressHUD.bundle",
			);
			runOnlyForDeploymentPostprocessing = 0;
			shellPath = /bin/sh;
			shellScript = "\"${SRCROOT}/Pods/Target Support Files/Pods-WeatherApp-v04/Pods-WeatherApp-v04-resources.sh\"\n";
			showEnvVarsInLog = 0;
		};
		4FC24742E620C906F34A8547 /* [CP] Check Pods Manifest.lock */ = {
			isa = PBXShellScriptBuildPhase;
			buildActionMask = 2147483647;
			files = (
			);
			inputPaths = (
				"${PODS_PODFILE_DIR_PATH}/Podfile.lock",
				"${PODS_ROOT}/Manifest.lock",
			);
			name = "[CP] Check Pods Manifest.lock";
			outputPaths = (
				"$(DERIVED_FILE_DIR)/Pods-WeatherApp-v04-checkManifestLockResult.txt",
			);
			runOnlyForDeploymentPostprocessing = 0;
			shellPath = /bin/sh;
			shellScript = "diff \"${PODS_PODFILE_DIR_PATH}/Podfile.lock\" \"${PODS_ROOT}/Manifest.lock\" > /dev/null\nif [ $? != 0 ] ; then\n    # print error to STDERR\n    echo \"error: The sandbox is not in sync with the Podfile.lock. Run 'pod install' or update your CocoaPods installation.\" >&2\n    exit 1\nfi\n# This output is used by Xcode 'outputs' to avoid re-running this script phase.\necho \"SUCCESS\" > \"${SCRIPT_OUTPUT_FILE_0}\"\n";
			showEnvVarsInLog = 0;
		};
/* End PBXShellScriptBuildPhase section */

/* Begin PBXSourcesBuildPhase section */
		2B78967E20DC86DF00DE1443 /* Sources */ = {
			isa = PBXSourcesBuildPhase;
			buildActionMask = 2147483647;
			files = (
				2B6655E720DD49E300F348EB /* LocationManager.m in Sources */,
				2B78968A20DC86E000DE1443 /* ViewController.m in Sources */,
				2B6655E420DD45B700F348EB /* Observation.m in Sources */,
				2B6655DF20DD3DC100F348EB /* WeatherClient.m in Sources */,
				2B78969520DC86E100DE1443 /* main.m in Sources */,
				2B6655EA20DD4E1900F348EB /* GradientView.m in Sources */,
				2B78968720DC86DF00DE1443 /* AppDelegate.m in Sources */,
			);
			runOnlyForDeploymentPostprocessing = 0;
		};
/* End PBXSourcesBuildPhase section */

/* Begin PBXVariantGroup section */
		2B78968B20DC86E000DE1443 /* Main.storyboard */ = {
			isa = PBXVariantGroup;
			children = (
				2B78968C20DC86E000DE1443 /* Base */,
			);
			name = Main.storyboard;
			sourceTree = "<group>";
		};
		2B78969020DC86E100DE1443 /* LaunchScreen.storyboard */ = {
			isa = PBXVariantGroup;
			children = (
				2B78969120DC86E100DE1443 /* Base */,
			);
			name = LaunchScreen.storyboard;
			sourceTree = "<group>";
		};
/* End PBXVariantGroup section */

/* Begin XCBuildConfiguration section */
		2B78969620DC86E100DE1443 /* Debug */ = {
			isa = XCBuildConfiguration;
			buildSettings = {
				ALWAYS_SEARCH_USER_PATHS = NO;
				CLANG_ANALYZER_NONNULL = YES;
				CLANG_ANALYZER_NUMBER_OBJECT_CONVERSION = YES_AGGRESSIVE;
				CLANG_CXX_LANGUAGE_STANDARD = "gnu++14";
				CLANG_CXX_LIBRARY = "libc++";
				CLANG_ENABLE_MODULES = YES;
				CLANG_ENABLE_OBJC_ARC = YES;
				CLANG_ENABLE_OBJC_WEAK = YES;
				CLANG_WARN_BLOCK_CAPTURE_AUTORELEASING = YES;
				CLANG_WARN_BOOL_CONVERSION = YES;
				CLANG_WARN_COMMA = YES;
				CLANG_WARN_CONSTANT_CONVERSION = YES;
				CLANG_WARN_DEPRECATED_OBJC_IMPLEMENTATIONS = YES;
				CLANG_WARN_DIRECT_OBJC_ISA_USAGE = YES_ERROR;
				CLANG_WARN_DOCUMENTATION_COMMENTS = YES;
				CLANG_WARN_EMPTY_BODY = YES;
				CLANG_WARN_ENUM_CONVERSION = YES;
				CLANG_WARN_INFINITE_RECURSION = YES;
				CLANG_WARN_INT_CONVERSION = YES;
				CLANG_WARN_NON_LITERAL_NULL_CONVERSION = YES;
				CLANG_WARN_OBJC_IMPLICIT_RETAIN_SELF = YES;
				CLANG_WARN_OBJC_LITERAL_CONVERSION = YES;
				CLANG_WARN_OBJC_ROOT_CLASS = YES_ERROR;
				CLANG_WARN_RANGE_LOOP_ANALYSIS = YES;
				CLANG_WARN_STRICT_PROTOTYPES = YES;
				CLANG_WARN_SUSPICIOUS_MOVE = YES;
				CLANG_WARN_UNGUARDED_AVAILABILITY = YES_AGGRESSIVE;
				CLANG_WARN_UNREACHABLE_CODE = YES;
				CLANG_WARN__DUPLICATE_METHOD_MATCH = YES;
				CODE_SIGN_IDENTITY = "iPhone Developer";
				COPY_PHASE_STRIP = NO;
				DEBUG_INFORMATION_FORMAT = dwarf;
				ENABLE_STRICT_OBJC_MSGSEND = YES;
				ENABLE_TESTABILITY = YES;
				GCC_C_LANGUAGE_STANDARD = gnu11;
				GCC_DYNAMIC_NO_PIC = NO;
				GCC_NO_COMMON_BLOCKS = YES;
				GCC_OPTIMIZATION_LEVEL = 0;
				GCC_PREPROCESSOR_DEFINITIONS = (
					"DEBUG=1",
					"$(inherited)",
				);
				GCC_WARN_64_TO_32_BIT_CONVERSION = YES;
				GCC_WARN_ABOUT_RETURN_TYPE = YES_ERROR;
				GCC_WARN_UNDECLARED_SELECTOR = YES;
				GCC_WARN_UNINITIALIZED_AUTOS = YES_AGGRESSIVE;
				GCC_WARN_UNUSED_FUNCTION = YES;
				GCC_WARN_UNUSED_VARIABLE = YES;
				IPHONEOS_DEPLOYMENT_TARGET = 11.4;
				MTL_ENABLE_DEBUG_INFO = YES;
				ONLY_ACTIVE_ARCH = YES;
				SDKROOT = iphoneos;
			};
			name = Debug;
		};
		2B78969720DC86E100DE1443 /* Release */ = {
			isa = XCBuildConfiguration;
			buildSettings = {
				ALWAYS_SEARCH_USER_PATHS = NO;
				CLANG_ANALYZER_NONNULL = YES;
				CLANG_ANALYZER_NUMBER_OBJECT_CONVERSION = YES_AGGRESSIVE;
				CLANG_CXX_LANGUAGE_STANDARD = "gnu++14";
				CLANG_CXX_LIBRARY = "libc++";
				CLANG_ENABLE_MODULES = YES;
				CLANG_ENABLE_OBJC_ARC = YES;
				CLANG_ENABLE_OBJC_WEAK = YES;
				CLANG_WARN_BLOCK_CAPTURE_AUTORELEASING = YES;
				CLANG_WARN_BOOL_CONVERSION = YES;
				CLANG_WARN_COMMA = YES;
				CLANG_WARN_CONSTANT_CONVERSION = YES;
				CLANG_WARN_DEPRECATED_OBJC_IMPLEMENTATIONS = YES;
				CLANG_WARN_DIRECT_OBJC_ISA_USAGE = YES_ERROR;
				CLANG_WARN_DOCUMENTATION_COMMENTS = YES;
				CLANG_WARN_EMPTY_BODY = YES;
				CLANG_WARN_ENUM_CONVERSION = YES;
				CLANG_WARN_INFINITE_RECURSION = YES;
				CLANG_WARN_INT_CONVERSION = YES;
				CLANG_WARN_NON_LITERAL_NULL_CONVERSION = YES;
				CLANG_WARN_OBJC_IMPLICIT_RETAIN_SELF = YES;
				CLANG_WARN_OBJC_LITERAL_CONVERSION = YES;
				CLANG_WARN_OBJC_ROOT_CLASS = YES_ERROR;
				CLANG_WARN_RANGE_LOOP_ANALYSIS = YES;
				CLANG_WARN_STRICT_PROTOTYPES = YES;
				CLANG_WARN_SUSPICIOUS_MOVE = YES;
				CLANG_WARN_UNGUARDED_AVAILABILITY = YES_AGGRESSIVE;
				CLANG_WARN_UNREACHABLE_CODE = YES;
				CLANG_WARN__DUPLICATE_METHOD_MATCH = YES;
				CODE_SIGN_IDENTITY = "iPhone Developer";
				COPY_PHASE_STRIP = NO;
				DEBUG_INFORMATION_FORMAT = "dwarf-with-dsym";
				ENABLE_NS_ASSERTIONS = NO;
				ENABLE_STRICT_OBJC_MSGSEND = YES;
				GCC_C_LANGUAGE_STANDARD = gnu11;
				GCC_NO_COMMON_BLOCKS = YES;
				GCC_WARN_64_TO_32_BIT_CONVERSION = YES;
				GCC_WARN_ABOUT_RETURN_TYPE = YES_ERROR;
				GCC_WARN_UNDECLARED_SELECTOR = YES;
				GCC_WARN_UNINITIALIZED_AUTOS = YES_AGGRESSIVE;
				GCC_WARN_UNUSED_FUNCTION = YES;
				GCC_WARN_UNUSED_VARIABLE = YES;
				IPHONEOS_DEPLOYMENT_TARGET = 11.4;
				MTL_ENABLE_DEBUG_INFO = NO;
				SDKROOT = iphoneos;
				VALIDATE_PRODUCT = YES;
			};
			name = Release;
		};
		2B78969920DC86E100DE1443 /* Debug */ = {
			isa = XCBuildConfiguration;
			baseConfigurationReference = 28ECC1A7952B28BDFE9ED4B5 /* Pods-WeatherApp-v04.debug.xcconfig */;
			buildSettings = {
				ASSETCATALOG_COMPILER_APPICON_NAME = AppIcon;
				CODE_SIGN_STYLE = Automatic;
				GCC_PRECOMPILE_PREFIX_HEADER = YES;
				INFOPLIST_FILE = "WeatherApp-v04/Info.plist";
				LD_RUNPATH_SEARCH_PATHS = (
					"$(inherited)",
					"@executable_path/Frameworks",
				);
				PRODUCT_BUNDLE_IDENTIFIER = "com.edward.WeatherApp-v04";
				PRODUCT_NAME = "$(TARGET_NAME)";
				TARGETED_DEVICE_FAMILY = "1,2";
			};
			name = Debug;
		};
		2B78969A20DC86E100DE1443 /* Release */ = {
			isa = XCBuildConfiguration;
			baseConfigurationReference = 02EF9BFDB54E5C60AE31A2C8 /* Pods-WeatherApp-v04.release.xcconfig */;
			buildSettings = {
				ASSETCATALOG_COMPILER_APPICON_NAME = AppIcon;
				CODE_SIGN_STYLE = Automatic;
				GCC_PRECOMPILE_PREFIX_HEADER = YES;
				INFOPLIST_FILE = "WeatherApp-v04/Info.plist";
				LD_RUNPATH_SEARCH_PATHS = (
					"$(inherited)",
					"@executable_path/Frameworks",
				);
				PRODUCT_BUNDLE_IDENTIFIER = "com.edward.WeatherApp-v04";
				PRODUCT_NAME = "$(TARGET_NAME)";
				TARGETED_DEVICE_FAMILY = "1,2";
			};
			name = Release;
		};
/* End XCBuildConfiguration section */

/* Begin XCConfigurationList section */
		2B78967D20DC86DF00DE1443 /* Build configuration list for PBXProject "WeatherApp-v04" */ = {
			isa = XCConfigurationList;
			buildConfigurations = (
				2B78969620DC86E100DE1443 /* Debug */,
				2B78969720DC86E100DE1443 /* Release */,
			);
			defaultConfigurationIsVisible = 0;
			defaultConfigurationName = Release;
		};
		2B78969820DC86E100DE1443 /* Build configuration list for PBXNativeTarget "WeatherApp-v04" */ = {
			isa = XCConfigurationList;
			buildConfigurations = (
				2B78969920DC86E100DE1443 /* Debug */,
				2B78969A20DC86E100DE1443 /* Release */,
			);
			defaultConfigurationIsVisible = 0;
			defaultConfigurationName = Release;
		};
/* End XCConfigurationList section */
	};
	rootObject = 2B78967A20DC86DF00DE1443 /* Project object */;
}
