// !$*UTF8*$!
{
	archiveVersion = 1;
	classes = {
	};
	objectVersion = 50;
	objects = {

/* Begin PBXBuildFile section */
		2B78968720DC86DF00DE1443 /* AppDelegate.m in Sources */ = {isa = PBXBuildFile; fileRef = 2B78968620DC86DF00DE1443 /* AppDelegate.m */; };
		2B78968A20DC86E000DE1443 /* ViewController.m in Sources */ = {isa = PBXBuildFile; fileRef = 2B78968920DC86E000DE1443 /* ViewController.m */; };
		2B78968D20DC86E000DE1443 /* Main.storyboard in Resources */ = {isa = PBXBuildFile; fileRef = 2B78968B20DC86E000DE1443 /* Main.storyboard */; };
		2B78968F20DC86E100DE1443 /* Assets.xcassets in Resources */ = {isa = PBXBuildFile; fileRef = 2B78968E20DC86E100DE1443 /* Assets.xcassets */; };
		2B78969220DC86E100DE1443 /* LaunchScreen.storyboard in Resources */ = {isa = PBXBuildFile; fileRef = 2B78969020DC86E100DE1443 /* LaunchScreen.storyboard */; };
		2B78969520DC86E100DE1443 /* main.m in Sources */ = {isa = PBXBuildFile; fileRef = 2B78969420DC86E100DE1443 /* main.m */; };
/* End PBXBuildFile section */

/* Begin PBXFileReference section */
		2B78968220DC86DF00DE1443 /* WeatherApp-v04.app */ = {isa = PBXFileReference; explicitFileType = wrapper.application; includeInIndex = 0; path = "WeatherApp-v04.app"; sourceTree = BUILT_PRODUCTS_DIR; };
		2B78968520DC86DF00DE1443 /* AppDelegate.h */ = {isa = PBXFileReference; lastKnownFileType = sourcecode.c.h; path = AppDelegate.h; sourceTree = "<group>"; };
		2B78968620DC86DF00DE1443 /* AppDelegate.m */ = {isa = PBXFileReference; lastKnownFileType = sourcecode.c.objc; path = AppDelegate.m; sourceTree = "<group>"; };
		2B78968820DC86DF00DE1443 /* ViewController.h */ = {isa = PBXFileReference; lastKnownFileType = sourcecode.c.h; path = ViewController.h; sourceTree = "<group>"; };
		2B78968920DC86E000DE1443 /* ViewController.m */ = {isa = PBXFileReference; lastKnownFileType = sourcecode.c.objc; path = ViewController.m; sourceTree = "<group>"; };
		2B78968C20DC86E000DE1443 /* Base */ = {isa = PBXFileReference; lastKnownFileType = file.storyboard; name = Base; path = Base.lproj/Main.storyboard; sourceTree = "<group>"; };
		2B78968E20DC86E100DE1443 /* Assets.xcassets */ = {isa = PBXFileReference; lastKnownFileType = folder.assetcatalog; path = Assets.xcassets; sourceTree = "<group>"; };
		2B78969120DC86E100DE1443 /* Base */ = {isa = PBXFileReference; lastKnownFileType = file.storyboard; name = Base; path = Base.lproj/LaunchScreen.storyboard; sourceTree = "<group>"; };
		2B78969320DC86E100DE1443 /* Info.plist */ = {isa = PBXFileReference; lastKnownFileType = text.plist.xml; path = Info.plist; sourceTree = "<group>"; };
		2B78969420DC86E100DE1443 /* main.m */ = {isa = PBXFileReference; lastKnownFileType = sourcecode.c.objc; path = main.m; sourceTree = "<group>"; };
/* End PBXFileReference section */

/* Begin PBXFrameworksBuildPhase section */
		2B78967F20DC86DF00DE1443 /* Frameworks */ = {
			isa = PBXFrameworksBuildPhase;
			buildActionMask = 2147483647;
			files = (
			);
			runOnlyForDeploymentPostprocessing = 0;
		};
/* End PBXFrameworksBuildPhase section */

/* Begin PBXGroup section */
		2B78967920DC86DF00DE1443 = {
			isa = PBXGroup;
			children = (
				2B78968420DC86DF00DE1443 /* WeatherApp-v04 */,
				2B78968320DC86DF00DE1443 /* Products */,
			);
			sourceTree = "<group>";
		};
		2B78968320DC86DF00DE1443 /* Products */ = {
			isa = PBXGroup;
			children = (
				2B78968220DC86DF00DE1443 /* WeatherApp-v04.app */,
			);
			name = Products;
			sourceTree = "<group>";
		};
		2B78968420DC86DF00DE1443 /* WeatherApp-v04 */ = {
			isa = PBXGroup;
			children = (
				2B78968520DC86DF00DE1443 /* AppDelegate.h */,
				2B78968620DC86DF00DE1443 /* AppDelegate.m */,
				2B78968820DC86DF00DE1443 /* ViewController.h */,
				2B78968920DC86E000DE1443 /* ViewController.m */,
				2B78968B20DC86E000DE1443 /* Main.storyboard */,
				2B78968E20DC86E100DE1443 /* Assets.xcassets */,
				2B78969020DC86E100DE1443 /* LaunchScreen.storyboard */,
				2B78969320DC86E100DE1443 /* Info.plist */,
				2B78969420DC86E100DE1443 /* main.m */,
			);
			path = "WeatherApp-v04";
			sourceTree = "<group>";
		};
/* End PBXGroup section */

/* Begin PBXNativeTarget section */
		2B78968120DC86DF00DE1443 /* WeatherApp-v04 */ = {
			isa = PBXNativeTarget;
			buildConfigurationList = 2B78969820DC86E100DE1443 /* Build configuration list for PBXNativeTarget "WeatherApp-v04" */;
			buildPhases = (
				2B78967E20DC86DF00DE1443 /* Sources */,
				2B78967F20DC86DF00DE1443 /* Frameworks */,
				2B78968020DC86DF00DE1443 /* Resources */,
			);
			buildRules = (
			);
			dependencies = (
			);
			name = "WeatherApp-v04";
			productName = "WeatherApp-v04";
			productReference = 2B78968220DC86DF00DE1443 /* WeatherApp-v04.app */;
			productType = "com.apple.product-type.application";
		};
/* End PBXNativeTarget section */

/* Begin PBXProject section */
		2B78967A20DC86DF00DE1443 /* Project object */ = {
			isa = PBXProject;
			attributes = {
				LastUpgradeCheck = 0940;
				ORGANIZATIONNAME = edward;
				TargetAttributes = {
					2B78968120DC86DF00DE1443 = {
						CreatedOnToolsVersion = 9.4.1;
					};
				};
			};
			buildConfigurationList = 2B78967D20DC86DF00DE1443 /* Build configuration list for PBXProject "WeatherApp-v04" */;
			compatibilityVersion = "Xcode 9.3";
			developmentRegion = en;
			hasScannedForEncodings = 0;
			knownRegions = (
				en,
				Base,
			);
			mainGroup = 2B78967920DC86DF00DE1443;
			productRefGroup = 2B78968320DC86DF00DE1443 /* Products */;
			projectDirPath = "";
			projectRoot = "";
			targets = (
				2B78968120DC86DF00DE1443 /* WeatherApp-v04 */,
			);
		};
/* End PBXProject section */

/* Begin PBXResourcesBuildPhase section */
		2B78968020DC86DF00DE1443 /* Resources */ = {
			isa = PBXResourcesBuildPhase;
			buildActionMask = 2147483647;
			files = (
				2B78969220DC86E100DE1443 /* LaunchScreen.storyboard in Resources */,
				2B78968F20DC86E100DE1443 /* Assets.xcassets in Resources */,
				2B78968D20DC86E000DE1443 /* Main.storyboard in Resources */,
			);
			runOnlyForDeploymentPostprocessing = 0;
		};
/* End PBXResourcesBuildPhase section */

/* Begin PBXSourcesBuildPhase section */
		2B78967E20DC86DF00DE1443 /* Sources */ = {
			isa = PBXSourcesBuildPhase;
			buildActionMask = 2147483647;
			files = (
				2B78968A20DC86E000DE1443 /* ViewController.m in Sources */,
				2B78969520DC86E100DE1443 /* main.m in Sources */,
				2B78968720DC86DF00DE1443 /* AppDelegate.m in Sources */,
			);
			runOnlyForDeploymentPostprocessing = 0;
		};
/* End PBXSourcesBuildPhase section */

/* Begin PBXVariantGroup section */
		2B78968B20DC86E000DE1443 /* Main.storyboard */ = {
			isa = PBXVariantGroup;
			children = (
				2B78968C20DC86E000DE1443 /* Base */,
			);
			name = Main.storyboard;
			sourceTree = "<group>";
		};
		2B78969020DC86E100DE1443 /* LaunchScreen.storyboard */ = {
			isa = PBXVariantGroup;
			children = (
				2B78969120DC86E100DE1443 /* Base */,
			);
			name = LaunchScreen.storyboard;
			sourceTree = "<group>";
		};
/* End PBXVariantGroup section */

/* Begin XCBuildConfiguration section */
		2B78969620DC86E100DE1443 /* Debug */ = {
			isa = XCBuildConfiguration;
			buildSettings = {
				ALWAYS_SEARCH_USER_PATHS = NO;
				CLANG_ANALYZER_NONNULL = YES;
				CLANG_ANALYZER_NUMBER_OBJECT_CONVERSION = YES_AGGRESSIVE;
				CLANG_CXX_LANGUAGE_STANDARD = "gnu++14";
				CLANG_CXX_LIBRARY = "libc++";
				CLANG_ENABLE_MODULES = YES;
				CLANG_ENABLE_OBJC_ARC = YES;
				CLANG_ENABLE_OBJC_WEAK = YES;
				CLANG_WARN_BLOCK_CAPTURE_AUTORELEASING = YES;
				CLANG_WARN_BOOL_CONVERSION = YES;
				CLANG_WARN_COMMA = YES;
				CLANG_WARN_CONSTANT_CONVERSION = YES;
				CLANG_WARN_DEPRECATED_OBJC_IMPLEMENTATIONS = YES;
				CLANG_WARN_DIRECT_OBJC_ISA_USAGE = YES_ERROR;
				CLANG_WARN_DOCUMENTATION_COMMENTS = YES;
				CLANG_WARN_EMPTY_BODY = YES;
				CLANG_WARN_ENUM_CONVERSION = YES;
				CLANG_WARN_INFINITE_RECURSION = YES;
				CLANG_WARN_INT_CONVERSION = YES;
				CLANG_WARN_NON_LITERAL_NULL_CONVERSION = YES;
				CLANG_WARN_OBJC_IMPLICIT_RETAIN_SELF = YES;
				CLANG_WARN_OBJC_LITERAL_CONVERSION = YES;
				CLANG_WARN_OBJC_ROOT_CLASS = YES_ERROR;
				CLANG_WARN_RANGE_LOOP_ANALYSIS = YES;
				CLANG_WARN_STRICT_PROTOTYPES = YES;
				CLANG_WARN_SUSPICIOUS_MOVE = YES;
				CLANG_WARN_UNGUARDED_AVAILABILITY = YES_AGGRESSIVE;
				CLANG_WARN_UNREACHABLE_CODE = YES;
				CLANG_WARN__DUPLICATE_METHOD_MATCH = YES;
				CODE_SIGN_IDENTITY = "iPhone Developer";
				COPY_PHASE_STRIP = NO;
				DEBUG_INFORMATION_FORMAT = dwarf;
				ENABLE_STRICT_OBJC_MSGSEND = YES;
				ENABLE_TESTABILITY = YES;
				GCC_C_LANGUAGE_STANDARD = gnu11;
				GCC_DYNAMIC_NO_PIC = NO;
				GCC_NO_COMMON_BLOCKS = YES;
				GCC_OPTIMIZATION_LEVEL = 0;
				GCC_PREPROCESSOR_DEFINITIONS = (
					"DEBUG=1",
					"$(inherited)",
				);
				GCC_WARN_64_TO_32_BIT_CONVERSION = YES;
				GCC_WARN_ABOUT_RETURN_TYPE = YES_ERROR;
				GCC_WARN_UNDECLARED_SELECTOR = YES;
				GCC_WARN_UNINITIALIZED_AUTOS = YES_AGGRESSIVE;
				GCC_WARN_UNUSED_FUNCTION = YES;
				GCC_WARN_UNUSED_VARIABLE = YES;
				IPHONEOS_DEPLOYMENT_TARGET = 11.4;
				MTL_ENABLE_DEBUG_INFO = YES;
				ONLY_ACTIVE_ARCH = YES;
				SDKROOT = iphoneos;
			};
			name = Debug;
		};
		2B78969720DC86E100DE1443 /* Release */ = {
			isa = XCBuildConfiguration;
			buildSettings = {
				ALWAYS_SEARCH_USER_PATHS = NO;
				CLANG_ANALYZER_NONNULL = YES;
				CLANG_ANALYZER_NUMBER_OBJECT_CONVERSION = YES_AGGRESSIVE;
				CLANG_CXX_LANGUAGE_STANDARD = "gnu++14";
				CLANG_CXX_LIBRARY = "libc++";
				CLANG_ENABLE_MODULES = YES;
				CLANG_ENABLE_OBJC_ARC = YES;
				CLANG_ENABLE_OBJC_WEAK = YES;
				CLANG_WARN_BLOCK_CAPTURE_AUTORELEASING = YES;
				CLANG_WARN_BOOL_CONVERSION = YES;
				CLANG_WARN_COMMA = YES;
				CLANG_WARN_CONSTANT_CONVERSION = YES;
				CLANG_WARN_DEPRECATED_OBJC_IMPLEMENTATIONS = YES;
				CLANG_WARN_DIRECT_OBJC_ISA_USAGE = YES_ERROR;
				CLANG_WARN_DOCUMENTATION_COMMENTS = YES;
				CLANG_WARN_EMPTY_BODY = YES;
				CLANG_WARN_ENUM_CONVERSION = YES;
				CLANG_WARN_INFINITE_RECURSION = YES;
				CLANG_WARN_INT_CONVERSION = YES;
				CLANG_WARN_NON_LITERAL_NULL_CONVERSION = YES;
				CLANG_WARN_OBJC_IMPLICIT_RETAIN_SELF = YES;
				CLANG_WARN_OBJC_LITERAL_CONVERSION = YES;
				CLANG_WARN_OBJC_ROOT_CLASS = YES_ERROR;
				CLANG_WARN_RANGE_LOOP_ANALYSIS = YES;
				CLANG_WARN_STRICT_PROTOTYPES = YES;
				CLANG_WARN_SUSPICIOUS_MOVE = YES;
				CLANG_WARN_UNGUARDED_AVAILABILITY = YES_AGGRESSIVE;
				CLANG_WARN_UNREACHABLE_CODE = YES;
				CLANG_WARN__DUPLICATE_METHOD_MATCH = YES;
				CODE_SIGN_IDENTITY = "iPhone Developer";
				COPY_PHASE_STRIP = NO;
				DEBUG_INFORMATION_FORMAT = "dwarf-with-dsym";
				ENABLE_NS_ASSERTIONS = NO;
				ENABLE_STRICT_OBJC_MSGSEND = YES;
				GCC_C_LANGUAGE_STANDARD = gnu11;
				GCC_NO_COMMON_BLOCKS = YES;
				GCC_WARN_64_TO_32_BIT_CONVERSION = YES;
				GCC_WARN_ABOUT_RETURN_TYPE = YES_ERROR;
				GCC_WARN_UNDECLARED_SELECTOR = YES;
				GCC_WARN_UNINITIALIZED_AUTOS = YES_AGGRESSIVE;
				GCC_WARN_UNUSED_FUNCTION = YES;
				GCC_WARN_UNUSED_VARIABLE = YES;
				IPHONEOS_DEPLOYMENT_TARGET = 11.4;
				MTL_ENABLE_DEBUG_INFO = NO;
				SDKROOT = iphoneos;
				VALIDATE_PRODUCT = YES;
			};
			name = Release;
		};
		2B78969920DC86E100DE1443 /* Debug */ = {
			isa = XCBuildConfiguration;
			buildSettings = {
				ASSETCATALOG_COMPILER_APPICON_NAME = AppIcon;
				CODE_SIGN_STYLE = Automatic;
				INFOPLIST_FILE = "WeatherApp-v04/Info.plist";
				LD_RUNPATH_SEARCH_PATHS = (
					"$(inherited)",
					"@executable_path/Frameworks",
				);
				PRODUCT_BUNDLE_IDENTIFIER = "com.edward.WeatherApp-v04";
				PRODUCT_NAME = "$(TARGET_NAME)";
				TARGETED_DEVICE_FAMILY = "1,2";
			};
			name = Debug;
		};
		2B78969A20DC86E100DE1443 /* Release */ = {
			isa = XCBuildConfiguration;
			buildSettings = {
				ASSETCATALOG_COMPILER_APPICON_NAME = AppIcon;
				CODE_SIGN_STYLE = Automatic;
				INFOPLIST_FILE = "WeatherApp-v04/Info.plist";
				LD_RUNPATH_SEARCH_PATHS = (
					"$(inherited)",
					"@executable_path/Frameworks",
				);
				PRODUCT_BUNDLE_IDENTIFIER = "com.edward.WeatherApp-v04";
				PRODUCT_NAME = "$(TARGET_NAME)";
				TARGETED_DEVICE_FAMILY = "1,2";
			};
			name = Release;
		};
/* End XCBuildConfiguration section */

/* Begin XCConfigurationList section */
		2B78967D20DC86DF00DE1443 /* Build configuration list for PBXProject "WeatherApp-v04" */ = {
			isa = XCConfigurationList;
			buildConfigurations = (
				2B78969620DC86E100DE1443 /* Debug */,
				2B78969720DC86E100DE1443 /* Release */,
			);
			defaultConfigurationIsVisible = 0;
			defaultConfigurationName = Release;
		};
		2B78969820DC86E100DE1443 /* Build configuration list for PBXNativeTarget "WeatherApp-v04" */ = {
			isa = XCConfigurationList;
			buildConfigurations = (
				2B78969920DC86E100DE1443 /* Debug */,
				2B78969A20DC86E100DE1443 /* Release */,
			);
			defaultConfigurationIsVisible = 0;
			defaultConfigurationName = Release;
		};
/* End XCConfigurationList section */
	};
	rootObject = 2B78967A20DC86DF00DE1443 /* Project object */;
}
